
Microsoft Visual Studio Solution File, Format Version 12.00
# Visual Studio Version 17
VisualStudioVersion = 17.8.34408.163
MinimumVisualStudioVersion = 10.0.40219.1
Project("{9A19103F-16F7-4668-BE54-9A1E7A4F7556}") = "AutomobileLibrary", "AutomobileLibrary\AutomobileLibrary.csproj", "{72CD31A2-2B18-484B-A565-A003C2C28CA3}"
EndProject
Project("{9A19103F-16F7-4668-BE54-9A1E7A4F7556}") = "AutomobileWinApp", "AutomobileWinApp\AutomobileWinApp.csproj", "{F1763562-6B3B-481A-ACC5-ED910399913B}"
EndProject
Global
	GlobalSection(SolutionConfigurationPlatforms) = preSolution
		Debug|Any CPU = Debug|Any CPU
		Release|Any CPU = Release|Any CPU
	EndGlobalSection
	GlobalSection(ProjectConfigurationPlatforms) = postSolution
		{72CD31A2-2B18-484B-A565-A003C2C28CA3}.Debug|Any CPU.ActiveCfg = Debug|Any CPU
		{72CD31A2-2B18-484B-A565-A003C2C28CA3}.Debug|Any CPU.Build.0 = Debug|Any CPU
		{72CD31A2-2B18-484B-A565-A003C2C28CA3}.Release|Any CPU.ActiveCfg = Release|Any CPU
		{72CD31A2-2B18-484B-A565-A003C2C28CA3}.Release|Any CPU.Build.0 = Release|Any CPU
		{F1763562-6B3B-481A-ACC5-ED910399913B}.Debug|Any CPU.ActiveCfg = Debug|Any CPU
		{F1763562-6B3B-481A-ACC5-ED910399913B}.Debug|Any CPU.Build.0 = Debug|Any CPU
		{F1763562-6B3B-481A-ACC5-ED910399913B}.Release|Any CPU.ActiveCfg = Release|Any CPU
		{F1763562-6B3B-481A-ACC5-ED910399913B}.Release|Any CPU.Build.0 = Release|Any CPU
	EndGlobalSection
	GlobalSection(SolutionProperties) = preSolution
		HideSolutionNode = FALSE
	EndGlobalSection
	GlobalSection(ExtensibilityGlobals) = postSolution
		SolutionGuid = {EFCDB79C-C543-4104-BC69-6E52E82595F9}
	EndGlobalSection
EndGlobal
