
Microsoft Visual Studio Solution File, Format Version 12.00
# Visual Studio Version 17
VisualStudioVersion = 17.8.34525.116
MinimumVisualStudioVersion = 10.0.40219.1
Project("{FAE04EC0-301F-11D3-BF4B-00C04F79EFBC}") = "AutomobileLibrary", "AutomobileLibrary\AutomobileLibrary.csproj", "{7A5F739C-0ADF-4C70-BD6B-868ED7B8C127}"
EndProject
Project("{FAE04EC0-301F-11D3-BF4B-00C04F79EFBC}") = "AutomobileWebApp", "AutomobileWebApp\AutomobileWebApp.csproj", "{BF363783-CA3A-4023-8EC2-DA2EEF960D2C}"
EndProject
Global
	GlobalSection(SolutionConfigurationPlatforms) = preSolution
		Debug|Any CPU = Debug|Any CPU
		Release|Any CPU = Release|Any CPU
	EndGlobalSection
	GlobalSection(ProjectConfigurationPlatforms) = postSolution
		{7A5F739C-0ADF-4C70-BD6B-868ED7B8C127}.Debug|Any CPU.ActiveCfg = Debug|Any CPU
		{7A5F739C-0ADF-4C70-BD6B-868ED7B8C127}.Debug|Any CPU.Build.0 = Debug|Any CPU
		{7A5F739C-0ADF-4C70-BD6B-868ED7B8C127}.Release|Any CPU.ActiveCfg = Release|Any CPU
		{7A5F739C-0ADF-4C70-BD6B-868ED7B8C127}.Release|Any CPU.Build.0 = Release|Any CPU
		{BF363783-CA3A-4023-8EC2-DA2EEF960D2C}.Debug|Any CPU.ActiveCfg = Debug|Any CPU
		{BF363783-CA3A-4023-8EC2-DA2EEF960D2C}.Debug|Any CPU.Build.0 = Debug|Any CPU
		{BF363783-CA3A-4023-8EC2-DA2EEF960D2C}.Release|Any CPU.ActiveCfg = Release|Any CPU
		{BF363783-CA3A-4023-8EC2-DA2EEF960D2C}.Release|Any CPU.Build.0 = Release|Any CPU
	EndGlobalSection
	GlobalSection(SolutionProperties) = preSolution
		HideSolutionNode = FALSE
	EndGlobalSection
	GlobalSection(ExtensibilityGlobals) = postSolution
		SolutionGuid = {225F95E1-7F95-4BBE-8163-456564D65B37}
	EndGlobalSection
EndGlobal
